{"1.2.0",
[{<<"aeserialization">>,{pkg,<<"aeserialization">>,<<"0.1.1">>},0},
 {<<"base58">>,{pkg,<<"ae_erl_base58">>,<<"0.0.3">>},1},
 {<<"cowboy">>,{pkg,<<"cowboy">>,<<"2.9.0">>},0},
 {<<"cowlib">>,{pkg,<<"cowlib">>,<<"2.11.0">>},1},
 {<<"enacl">>,{pkg,<<"ae_enacl">>,<<"0.17.4">>},1},
 {<<"jsx">>,{pkg,<<"jsx">>,<<"3.1.0">>},0},
 {<<"ranch">>,{pkg,<<"ranch">>,<<"1.8.0">>},1}]}.
[
{pkg_hash,[
 {<<"aeserialization">>, <<"7E4B52C1B877747E0141AEA873C9D6E0A122252FA9814C21BC8526B4DEE0A43D">>},
 {<<"base58">>, <<"5442A3C2A05165336D3F9013E1C0DF0CD36A58843CFC4D1C9C0EFD98F364A1BF">>},
 {<<"cowboy">>, <<"865DD8B6607E14CF03282E10E934023A1BD8BE6F6BACF921A7E2A96D800CD452">>},
 {<<"cowlib">>, <<"0B9FF9C346629256C42EBE1EEB769A83C6CB771A6EE5960BD110AB0B9B872063">>},
 {<<"enacl">>, <<"2873C8C9865D1A0781316EA281D305AB0D878ACCE0643ECDC9B1C1828C2269F4">>},
 {<<"jsx">>, <<"D12516BAA0BB23A59BB35DCCAF02A1BD08243FCBB9EFE24F2D9D056CCFF71268">>},
 {<<"ranch">>, <<"8C7A100A139FD57F17327B6413E4167AC559FBC04CA7448E9BE9057311597A1D">>}]},
{pkg_hash_ext,[
 {<<"aeserialization">>, <<"F0E6EB6EB30DFE6B6EE6165B95A5775907B18CE21CEB9F2309FD852479ECFB7C">>},
 {<<"base58">>, <<"1F868FF19F7F16AD2BE4963210D3B0BB310BE175A2054038397107B7DA876B5E">>},
 {<<"cowboy">>, <<"2C729F934B4E1AA149AFF882F57C6372C15399A20D54F65C8D67BEF583021BDE">>},
 {<<"cowlib">>, <<"2B3E9DA0B21C4565751A6D4901C20D1B4CC25CBB7FD50D91D2AB6DD287BC86A9">>},
 {<<"enacl">>, <<"36D4E3B454309E34E00C01F8A091F97D83353A7E1A8063D79686AE6F45DBFCF1">>},
 {<<"jsx">>, <<"0C5CC8FDC11B53CC25CF65AC6705AD39E54ECC56D1C22E4ADB8F5A53FB9427F3">>},
 {<<"ranch">>, <<"49FBCFD3682FAB1F5D109351B61257676DA1A2FDBE295904176D5E521A2DDFE5">>}]}
].
